// !$*UTF8*$!
{
	archiveVersion = 1;
	classes = {
	};
	objectVersion = 77;
	objects = {

/* Begin PBXContainerItemProxy section */
		12C8096D2DB84A280063F523 /* PBXContainerItemProxy */ = {
			isa = PBXContainerItemProxy;
			containerPortal = 12C809542DB84A280063F523 /* Project object */;
			proxyType = 1;
			remoteGlobalIDString = 12C8095B2DB84A280063F523;
			remoteInfo = projectStoreCardForever;
		};
		12C809772DB84A280063F523 /* PBXContainerItemProxy */ = {
			isa = PBXContainerItemProxy;
			containerPortal = 12C809542DB84A280063F523 /* Project object */;
			proxyType = 1;
			remoteGlobalIDString = 12C8095B2DB84A280063F523;
			remoteInfo = projectStoreCardForever;
		};
/* End PBXContainerItemProxy section */

/* Begin PBXFileReference section */
		12C8095C2DB84A280063F523 /* projectStoreCardForever.app */ = {isa = PBXFileReference; explicitFileType = wrapper.application; includeInIndex = 0; path = projectStoreCardForever.app; sourceTree = BUILT_PRODUCTS_DIR; };
		12C8096C2DB84A280063F523 /* projectStoreCardForeverTests.xctest */ = {isa = PBXFileReference; explicitFileType = wrapper.cfbundle; includeInIndex = 0; path = projectStoreCardForeverTests.xctest; sourceTree = BUILT_PRODUCTS_DIR; };
		12C809762DB84A280063F523 /* projectStoreCardForeverUITests.xctest */ = {isa = PBXFileReference; explicitFileType = wrapper.cfbundle; includeInIndex = 0; path = projectStoreCardForeverUITests.xctest; sourceTree = BUILT_PRODUCTS_DIR; };
/* End PBXFileReference section */

/* Begin PBXFileSystemSynchronizedBuildFileExceptionSet section */
		12C809902DB8890D0063F523 /* Exceptions for "projectStoreCardForever" folder in "projectStoreCardForever" target */ = {
			isa = PBXFileSystemSynchronizedBuildFileExceptionSet;
			membershipExceptions = (
				Info.plist,
			);
			target = 12C8095B2DB84A280063F523 /* projectStoreCardForever */;
		};
/* End PBXFileSystemSynchronizedBuildFileExceptionSet section */

/* Begin PBXFileSystemSynchronizedRootGroup section */
		12C8095E2DB84A280063F523 /* projectStoreCardForever */ = {
			isa = PBXFileSystemSynchronizedRootGroup;
			exceptions = (
				12C809902DB8890D0063F523 /* Exceptions for "projectStoreCardForever" folder in "projectStoreCardForever" target */,
			);
			path = projectStoreCardForever;
			sourceTree = "<group>";
		};
		12C8096F2DB84A280063F523 /* projectStoreCardForeverTests */ = {
			isa = PBXFileSystemSynchronizedRootGroup;
			path = projectStoreCardForeverTests;
			sourceTree = "<group>";
		};
		12C809792DB84A280063F523 /* projectStoreCardForeverUITests */ = {
			isa = PBXFileSystemSynchronizedRootGroup;
			path = projectStoreCardForeverUITests;
			sourceTree = "<group>";
		};
/* End PBXFileSystemSynchronizedRootGroup section */

/* Begin PBXFrameworksBuildPhase section */
		12C809592DB84A280063F523 /* Frameworks */ = {
			isa = PBXFrameworksBuildPhase;
			buildActionMask = 2147483647;
			files = (
			);
			runOnlyForDeploymentPostprocessing = 0;
		};
		12C809692DB84A280063F523 /* Frameworks */ = {
			isa = PBXFrameworksBuildPhase;
			buildActionMask = 2147483647;
			files = (
			);
			runOnlyForDeploymentPostprocessing = 0;
		};
		12C809732DB84A280063F523 /* Frameworks */ = {
			isa = PBXFrameworksBuildPhase;
			buildActionMask = 2147483647;
			files = (
			);
			runOnlyForDeploymentPostprocessing = 0;
		};
/* End PBXFrameworksBuildPhase section */

/* Begin PBXGroup section */
		12C809532DB84A280063F523 = {
			isa = PBXGroup;
			children = (
				12C8095E2DB84A280063F523 /* projectStoreCardForever */,
				12C8096F2DB84A280063F523 /* projectStoreCardForeverTests */,
				12C809792DB84A280063F523 /* projectStoreCardForeverUITests */,
				12C8095D2DB84A280063F523 /* Products */,
			);
			sourceTree = "<group>";
		};
		12C8095D2DB84A280063F523 /* Products */ = {
			isa = PBXGroup;
			children = (
				12C8095C2DB84A280063F523 /* projectStoreCardForever.app */,
				12C8096C2DB84A280063F523 /* projectStoreCardForeverTests.xctest */,
				12C809762DB84A280063F523 /* projectStoreCardForeverUITests.xctest */,
			);
			name = Products;
			sourceTree = "<group>";
		};
/* End PBXGroup section */

/* Begin PBXNativeTarget section */
		12C8095B2DB84A280063F523 /* projectStoreCardForever */ = {
			isa = PBXNativeTarget;
			buildConfigurationList = 12C809802DB84A280063F523 /* Build configuration list for PBXNativeTarget "projectStoreCardForever" */;
			buildPhases = (
				12C809582DB84A280063F523 /* Sources */,
				12C809592DB84A280063F523 /* Frameworks */,
				12C8095A2DB84A280063F523 /* Resources */,
			);
			buildRules = (
			);
			dependencies = (
			);
			fileSystemSynchronizedGroups = (
				12C8095E2DB84A280063F523 /* projectStoreCardForever */,
			);
			name = projectStoreCardForever;
			packageProductDependencies = (
			);
			productName = projectStoreCardForever;
			productReference = 12C8095C2DB84A280063F523 /* projectStoreCardForever.app */;
			productType = "com.apple.product-type.application";
		};
		12C8096B2DB84A280063F523 /* projectStoreCardForeverTests */ = {
			isa = PBXNativeTarget;
			buildConfigurationList = 12C809832DB84A280063F523 /* Build configuration list for PBXNativeTarget "projectStoreCardForeverTests" */;
			buildPhases = (
				12C809682DB84A280063F523 /* Sources */,
				12C809692DB84A280063F523 /* Frameworks */,
				12C8096A2DB84A280063F523 /* Resources */,
			);
			buildRules = (
			);
			dependencies = (
				12C8096E2DB84A280063F523 /* PBXTargetDependency */,
			);
			fileSystemSynchronizedGroups = (
				12C8096F2DB84A280063F523 /* projectStoreCardForeverTests */,
			);
			name = projectStoreCardForeverTests;
			packageProductDependencies = (
			);
			productName = projectStoreCardForeverTests;
			productReference = 12C8096C2DB84A280063F523 /* projectStoreCardForeverTests.xctest */;
			productType = "com.apple.product-type.bundle.unit-test";
		};
		12C809752DB84A280063F523 /* projectStoreCardForeverUITests */ = {
			isa = PBXNativeTarget;
			buildConfigurationList = 12C809862DB84A280063F523 /* Build configuration list for PBXNativeTarget "projectStoreCardForeverUITests" */;
			buildPhases = (
				12C809722DB84A280063F523 /* Sources */,
				12C809732DB84A280063F523 /* Frameworks */,
				12C809742DB84A280063F523 /* Resources */,
			);
			buildRules = (
			);
			dependencies = (
				12C809782DB84A280063F523 /* PBXTargetDependency */,
			);
			fileSystemSynchronizedGroups = (
				12C809792DB84A280063F523 /* projectStoreCardForeverUITests */,
			);
			name = projectStoreCardForeverUITests;
			packageProductDependencies = (
			);
			productName = projectStoreCardForeverUITests;
			productReference = 12C809762DB84A280063F523 /* projectStoreCardForeverUITests.xctest */;
			productType = "com.apple.product-type.bundle.ui-testing";
		};
/* End PBXNativeTarget section */

/* Begin PBXProject section */
		12C809542DB84A280063F523 /* Project object */ = {
			isa = PBXProject;
			attributes = {
				BuildIndependentTargetsInParallel = 1;
				LastSwiftUpdateCheck = 1610;
				LastUpgradeCheck = 1610;
				TargetAttributes = {
					12C8095B2DB84A280063F523 = {
						CreatedOnToolsVersion = 16.1;
					};
					12C8096B2DB84A280063F523 = {
						CreatedOnToolsVersion = 16.1;
						TestTargetID = 12C8095B2DB84A280063F523;
					};
					12C809752DB84A280063F523 = {
						CreatedOnToolsVersion = 16.1;
						TestTargetID = 12C8095B2DB84A280063F523;
					};
				};
			};
			buildConfigurationList = 12C809572DB84A280063F523 /* Build configuration list for PBXProject "projectStoreCardForever" */;
			developmentRegion = en;
			hasScannedForEncodings = 0;
			knownRegions = (
				en,
				Base,
			);
			mainGroup = 12C809532DB84A280063F523;
			minimizedProjectReferenceProxies = 1;
			preferredProjectObjectVersion = 77;
			productRefGroup = 12C8095D2DB84A280063F523 /* Products */;
			projectDirPath = "";
			projectRoot = "";
			targets = (
				12C8095B2DB84A280063F523 /* projectStoreCardForever */,
				12C8096B2DB84A280063F523 /* projectStoreCardForeverTests */,
				12C809752DB84A280063F523 /* projectStoreCardForeverUITests */,
			);
		};
/* End PBXProject section */

/* Begin PBXResourcesBuildPhase section */
		12C8095A2DB84A280063F523 /* Resources */ = {
			isa = PBXResourcesBuildPhase;
			buildActionMask = 2147483647;
			files = (
			);
			runOnlyForDeploymentPostprocessing = 0;
		};
		12C8096A2DB84A280063F523 /* Resources */ = {
			isa = PBXResourcesBuildPhase;
			buildActionMask = 2147483647;
			files = (
			);
			runOnlyForDeploymentPostprocessing = 0;
		};
		12C809742DB84A280063F523 /* Resources */ = {
			isa = PBXResourcesBuildPhase;
			buildActionMask = 2147483647;
			files = (
			);
			runOnlyForDeploymentPostprocessing = 0;
		};
/* End PBXResourcesBuildPhase section */

/* Begin PBXSourcesBuildPhase section */
		12C809582DB84A280063F523 /* Sources */ = {
			isa = PBXSourcesBuildPhase;
			buildActionMask = 2147483647;
			files = (
			);
			runOnlyForDeploymentPostprocessing = 0;
		};
		12C809682DB84A280063F523 /* Sources */ = {
			isa = PBXSourcesBuildPhase;
			buildActionMask = 2147483647;
			files = (
			);
			runOnlyForDeploymentPostprocessing = 0;
		};
		12C809722DB84A280063F523 /* Sources */ = {
			isa = PBXSourcesBuildPhase;
			buildActionMask = 2147483647;
			files = (
			);
			runOnlyForDeploymentPostprocessing = 0;
		};
/* End PBXSourcesBuildPhase section */

/* Begin PBXTargetDependency section */
		12C8096E2DB84A280063F523 /* PBXTargetDependency */ = {
			isa = PBXTargetDependency;
			target = 12C8095B2DB84A280063F523 /* projectStoreCardForever */;
			targetProxy = 12C8096D2DB84A280063F523 /* PBXContainerItemProxy */;
		};
		12C809782DB84A280063F523 /* PBXTargetDependency */ = {
			isa = PBXTargetDependency;
			target = 12C8095B2DB84A280063F523 /* projectStoreCardForever */;
			targetProxy = 12C809772DB84A280063F523 /* PBXContainerItemProxy */;
		};
/* End PBXTargetDependency section */

/* Begin XCBuildConfiguration section */
		12C8097E2DB84A280063F523 /* Debug */ = {
			isa = XCBuildConfiguration;
			buildSettings = {
				ALWAYS_SEARCH_USER_PATHS = NO;
				ASSETCATALOG_COMPILER_GENERATE_SWIFT_ASSET_SYMBOL_EXTENSIONS = YES;
				CLANG_ANALYZER_NONNULL = YES;
				CLANG_ANALYZER_NUMBER_OBJECT_CONVERSION = YES_AGGRESSIVE;
				CLANG_CXX_LANGUAGE_STANDARD = "gnu++20";
				CLANG_ENABLE_MODULES = YES;
				CLANG_ENABLE_OBJC_ARC = YES;
				CLANG_ENABLE_OBJC_WEAK = YES;
				CLANG_WARN_BLOCK_CAPTURE_AUTORELEASING = YES;
				CLANG_WARN_BOOL_CONVERSION = YES;
				CLANG_WARN_COMMA = YES;
				CLANG_WARN_CONSTANT_CONVERSION = YES;
				CLANG_WARN_DEPRECATED_OBJC_IMPLEMENTATIONS = YES;
				CLANG_WARN_DIRECT_OBJC_ISA_USAGE = YES_ERROR;
				CLANG_WARN_DOCUMENTATION_COMMENTS = YES;
				CLANG_WARN_EMPTY_BODY = YES;
				CLANG_WARN_ENUM_CONVERSION = YES;
				CLANG_WARN_INFINITE_RECURSION = YES;
				CLANG_WARN_INT_CONVERSION = YES;
				CLANG_WARN_NON_LITERAL_NULL_CONVERSION = YES;
				CLANG_WARN_OBJC_IMPLICIT_RETAIN_SELF = YES;
				CLANG_WARN_OBJC_LITERAL_CONVERSION = YES;
				CLANG_WARN_OBJC_ROOT_CLASS = YES_ERROR;
				CLANG_WARN_QUOTED_INCLUDE_IN_FRAMEWORK_HEADER = YES;
				CLANG_WARN_RANGE_LOOP_ANALYSIS = YES;
				CLANG_WARN_STRICT_PROTOTYPES = YES;
				CLANG_WARN_SUSPICIOUS_MOVE = YES;
				CLANG_WARN_UNGUARDED_AVAILABILITY = YES_AGGRESSIVE;
				CLANG_WARN_UNREACHABLE_CODE = YES;
				CLANG_WARN__DUPLICATE_METHOD_MATCH = YES;
				COPY_PHASE_STRIP = NO;
				DEBUG_INFORMATION_FORMAT = dwarf;
				ENABLE_STRICT_OBJC_MSGSEND = YES;
				ENABLE_TESTABILITY = YES;
				ENABLE_USER_SCRIPT_SANDBOXING = YES;
				GCC_C_LANGUAGE_STANDARD = gnu17;
				GCC_DYNAMIC_NO_PIC = NO;
				GCC_NO_COMMON_BLOCKS = YES;
				GCC_OPTIMIZATION_LEVEL = 0;
				GCC_PREPROCESSOR_DEFINITIONS = (
					"DEBUG=1",
					"$(inherited)",
				);
				GCC_WARN_64_TO_32_BIT_CONVERSION = YES;
				GCC_WARN_ABOUT_RETURN_TYPE = YES_ERROR;
				GCC_WARN_UNDECLARED_SELECTOR = YES;
				GCC_WARN_UNINITIALIZED_AUTOS = YES_AGGRESSIVE;
				GCC_WARN_UNUSED_FUNCTION = YES;
				GCC_WARN_UNUSED_VARIABLE = YES;
				IPHONEOS_DEPLOYMENT_TARGET = 18.1;
				LOCALIZATION_PREFERS_STRING_CATALOGS = YES;
				MTL_ENABLE_DEBUG_INFO = INCLUDE_SOURCE;
				MTL_FAST_MATH = YES;
				ONLY_ACTIVE_ARCH = YES;
				SDKROOT = iphoneos;
				SWIFT_ACTIVE_COMPILATION_CONDITIONS = "DEBUG $(inherited)";
				SWIFT_OPTIMIZATION_LEVEL = "-Onone";
			};
			name = Debug;
		};
		12C8097F2DB84A280063F523 /* Release */ = {
			isa = XCBuildConfiguration;
			buildSettings = {
				ALWAYS_SEARCH_USER_PATHS = NO;
				ASSETCATALOG_COMPILER_GENERATE_SWIFT_ASSET_SYMBOL_EXTENSIONS = YES;
				CLANG_ANALYZER_NONNULL = YES;
				CLANG_ANALYZER_NUMBER_OBJECT_CONVERSION = YES_AGGRESSIVE;
				CLANG_CXX_LANGUAGE_STANDARD = "gnu++20";
				CLANG_ENABLE_MODULES = YES;
				CLANG_ENABLE_OBJC_ARC = YES;
				CLANG_ENABLE_OBJC_WEAK = YES;
				CLANG_WARN_BLOCK_CAPTURE_AUTORELEASING = YES;
				CLANG_WARN_BOOL_CONVERSION = YES;
				CLANG_WARN_COMMA = YES;
				CLANG_WARN_CONSTANT_CONVERSION = YES;
				CLANG_WARN_DEPRECATED_OBJC_IMPLEMENTATIONS = YES;
				CLANG_WARN_DIRECT_OBJC_ISA_USAGE = YES_ERROR;
				CLANG_WARN_DOCUMENTATION_COMMENTS = YES;
				CLANG_WARN_EMPTY_BODY = YES;
				CLANG_WARN_ENUM_CONVERSION = YES;
				CLANG_WARN_INFINITE_RECURSION = YES;
				CLANG_WARN_INT_CONVERSION = YES;
				CLANG_WARN_NON_LITERAL_NULL_CONVERSION = YES;
				CLANG_WARN_OBJC_IMPLICIT_RETAIN_SELF = YES;
				CLANG_WARN_OBJC_LITERAL_CONVERSION = YES;
				CLANG_WARN_OBJC_ROOT_CLASS = YES_ERROR;
				CLANG_WARN_QUOTED_INCLUDE_IN_FRAMEWORK_HEADER = YES;
				CLANG_WARN_RANGE_LOOP_ANALYSIS = YES;
				CLANG_WARN_STRICT_PROTOTYPES = YES;
				CLANG_WARN_SUSPICIOUS_MOVE = YES;
				CLANG_WARN_UNGUARDED_AVAILABILITY = YES_AGGRESSIVE;
				CLANG_WARN_UNREACHABLE_CODE = YES;
				CLANG_WARN__DUPLICATE_METHOD_MATCH = YES;
				COPY_PHASE_STRIP = NO;
				DEBUG_INFORMATION_FORMAT = "dwarf-with-dsym";
				ENABLE_NS_ASSERTIONS = NO;
				ENABLE_STRICT_OBJC_MSGSEND = YES;
				ENABLE_USER_SCRIPT_SANDBOXING = YES;
				GCC_C_LANGUAGE_STANDARD = gnu17;
				GCC_NO_COMMON_BLOCKS = YES;
				GCC_WARN_64_TO_32_BIT_CONVERSION = YES;
				GCC_WARN_ABOUT_RETURN_TYPE = YES_ERROR;
				GCC_WARN_UNDECLARED_SELECTOR = YES;
				GCC_WARN_UNINITIALIZED_AUTOS = YES_AGGRESSIVE;
				GCC_WARN_UNUSED_FUNCTION = YES;
				GCC_WARN_UNUSED_VARIABLE = YES;
				IPHONEOS_DEPLOYMENT_TARGET = 18.1;
				LOCALIZATION_PREFERS_STRING_CATALOGS = YES;
				MTL_ENABLE_DEBUG_INFO = NO;
				MTL_FAST_MATH = YES;
				SDKROOT = iphoneos;
				SWIFT_COMPILATION_MODE = wholemodule;
				VALIDATE_PRODUCT = YES;
			};
			name = Release;
		};
		12C809812DB84A280063F523 /* Debug */ = {
			isa = XCBuildConfiguration;
			buildSettings = {
				ASSETCATALOG_COMPILER_APPICON_NAME = AppIcon;
				ASSETCATALOG_COMPILER_GLOBAL_ACCENT_COLOR_NAME = AccentColor;
				CODE_SIGN_STYLE = Automatic;
				CURRENT_PROJECT_VERSION = 1;
				DEVELOPMENT_ASSET_PATHS = "\"projectStoreCardForever/Preview Content\"";
				DEVELOPMENT_TEAM = LB3Z8Z885Z;
				ENABLE_PREVIEWS = YES;
				GENERATE_INFOPLIST_FILE = YES;
				INFOPLIST_FILE = /Users/nighthawk/Xcode/projectStoreCardForever/projectStoreCardForever/Info.plist;
				INFOPLIST_KEY_UIApplicationSceneManifest_Generation = YES;
				INFOPLIST_KEY_UIApplicationSupportsIndirectInputEvents = YES;
				INFOPLIST_KEY_UILaunchScreen_Generation = YES;
				INFOPLIST_KEY_UISupportedInterfaceOrientations_iPad = "UIInterfaceOrientationPortrait UIInterfaceOrientationPortraitUpsideDown UIInterfaceOrientationLandscapeLeft UIInterfaceOrientationLandscapeRight";
				INFOPLIST_KEY_UISupportedInterfaceOrientations_iPhone = "UIInterfaceOrientationPortrait UIInterfaceOrientationLandscapeLeft UIInterfaceOrientationLandscapeRight";
				LD_RUNPATH_SEARCH_PATHS = (
					"$(inherited)",
					"@executable_path/Frameworks",
				);
				MARKETING_VERSION = 1.0;
				PRODUCT_BUNDLE_IDENTIFIER = rewardkhe.projectStoreCardForever;
				PRODUCT_NAME = "$(TARGET_NAME)";
				SWIFT_EMIT_LOC_STRINGS = YES;
				SWIFT_VERSION = 5.0;
				TARGETED_DEVICE_FAMILY = "1,2";
			};
			name = Debug;
		};
		12C809822DB84A280063F523 /* Release */ = {
			isa = XCBuildConfiguration;
			buildSettings = {
				ASSETCATALOG_COMPILER_APPICON_NAME = AppIcon;
				ASSETCATALOG_COMPILER_GLOBAL_ACCENT_COLOR_NAME = AccentColor;
				CODE_SIGN_STYLE = Automatic;
				CURRENT_PROJECT_VERSION = 1;
				DEVELOPMENT_ASSET_PATHS = "\"projectStoreCardForever/Preview Content\"";
				DEVELOPMENT_TEAM = LB3Z8Z885Z;
				ENABLE_PREVIEWS = YES;
				GENERATE_INFOPLIST_FILE = YES;
				INFOPLIST_FILE = /Users/nighthawk/Xcode/projectStoreCardForever/projectStoreCardForever/Info.plist;
				INFOPLIST_KEY_UIApplicationSceneManifest_Generation = YES;
				INFOPLIST_KEY_UIApplicationSupportsIndirectInputEvents = YES;
				INFOPLIST_KEY_UILaunchScreen_Generation = YES;
				INFOPLIST_KEY_UISupportedInterfaceOrientations_iPad = "UIInterfaceOrientationPortrait UIInterfaceOrientationPortraitUpsideDown UIInterfaceOrientationLandscapeLeft UIInterfaceOrientationLandscapeRight";
				INFOPLIST_KEY_UISupportedInterfaceOrientations_iPhone = "UIInterfaceOrientationPortrait UIInterfaceOrientationLandscapeLeft UIInterfaceOrientationLandscapeRight";
				LD_RUNPATH_SEARCH_PATHS = (
					"$(inherited)",
					"@executable_path/Frameworks",
				);
				MARKETING_VERSION = 1.0;
				PRODUCT_BUNDLE_IDENTIFIER = rewardkhe.projectStoreCardForever;
				PRODUCT_NAME = "$(TARGET_NAME)";
				SWIFT_EMIT_LOC_STRINGS = YES;
				SWIFT_VERSION = 5.0;
				TARGETED_DEVICE_FAMILY = "1,2";
			};
			name = Release;
		};
		12C809842DB84A280063F523 /* Debug */ = {
			isa = XCBuildConfiguration;
			buildSettings = {
				BUNDLE_LOADER = "$(TEST_HOST)";
				CODE_SIGN_STYLE = Automatic;
				CURRENT_PROJECT_VERSION = 1;
				DEVELOPMENT_TEAM = LB3Z8Z885Z;
				GENERATE_INFOPLIST_FILE = YES;
				IPHONEOS_DEPLOYMENT_TARGET = 18.1;
				MARKETING_VERSION = 1.0;
				PRODUCT_BUNDLE_IDENTIFIER = rewardkhe.projectStoreCardForeverTests;
				PRODUCT_NAME = "$(TARGET_NAME)";
				SWIFT_EMIT_LOC_STRINGS = NO;
				SWIFT_VERSION = 5.0;
				TARGETED_DEVICE_FAMILY = "1,2";
				TEST_HOST = "$(BUILT_PRODUCTS_DIR)/projectStoreCardForever.app/$(BUNDLE_EXECUTABLE_FOLDER_PATH)/projectStoreCardForever";
			};
			name = Debug;
		};
		12C809852DB84A280063F523 /* Release */ = {
			isa = XCBuildConfiguration;
			buildSettings = {
				BUNDLE_LOADER = "$(TEST_HOST)";
				CODE_SIGN_STYLE = Automatic;
				CURRENT_PROJECT_VERSION = 1;
				DEVELOPMENT_TEAM = LB3Z8Z885Z;
				GENERATE_INFOPLIST_FILE = YES;
				IPHONEOS_DEPLOYMENT_TARGET = 18.1;
				MARKETING_VERSION = 1.0;
				PRODUCT_BUNDLE_IDENTIFIER = rewardkhe.projectStoreCardForeverTests;
				PRODUCT_NAME = "$(TARGET_NAME)";
				SWIFT_EMIT_LOC_STRINGS = NO;
				SWIFT_VERSION = 5.0;
				TARGETED_DEVICE_FAMILY = "1,2";
				TEST_HOST = "$(BUILT_PRODUCTS_DIR)/projectStoreCardForever.app/$(BUNDLE_EXECUTABLE_FOLDER_PATH)/projectStoreCardForever";
			};
			name = Release;
		};
		12C809872DB84A280063F523 /* Debug */ = {
			isa = XCBuildConfiguration;
			buildSettings = {
				CODE_SIGN_STYLE = Automatic;
				CURRENT_PROJECT_VERSION = 1;
				DEVELOPMENT_TEAM = LB3Z8Z885Z;
				GENERATE_INFOPLIST_FILE = YES;
				MARKETING_VERSION = 1.0;
				PRODUCT_BUNDLE_IDENTIFIER = rewardkhe.projectStoreCardForeverUITests;
				PRODUCT_NAME = "$(TARGET_NAME)";
				SWIFT_EMIT_LOC_STRINGS = NO;
				SWIFT_VERSION = 5.0;
				TARGETED_DEVICE_FAMILY = "1,2";
				TEST_TARGET_NAME = projectStoreCardForever;
			};
			name = Debug;
		};
		12C809882DB84A280063F523 /* Release */ = {
			isa = XCBuildConfiguration;
			buildSettings = {
				CODE_SIGN_STYLE = Automatic;
				CURRENT_PROJECT_VERSION = 1;
				DEVELOPMENT_TEAM = LB3Z8Z885Z;
				GENERATE_INFOPLIST_FILE = YES;
				MARKETING_VERSION = 1.0;
				PRODUCT_BUNDLE_IDENTIFIER = rewardkhe.projectStoreCardForeverUITests;
				PRODUCT_NAME = "$(TARGET_NAME)";
				SWIFT_EMIT_LOC_STRINGS = NO;
				SWIFT_VERSION = 5.0;
				TARGETED_DEVICE_FAMILY = "1,2";
				TEST_TARGET_NAME = projectStoreCardForever;
			};
			name = Release;
		};
/* End XCBuildConfiguration section */

/* Begin XCConfigurationList section */
		12C809572DB84A280063F523 /* Build configuration list for PBXProject "projectStoreCardForever" */ = {
			isa = XCConfigurationList;
			buildConfigurations = (
				12C8097E2DB84A280063F523 /* Debug */,
				12C8097F2DB84A280063F523 /* Release */,
			);
			defaultConfigurationIsVisible = 0;
			defaultConfigurationName = Release;
		};
		12C809802DB84A280063F523 /* Build configuration list for PBXNativeTarget "projectStoreCardForever" */ = {
			isa = XCConfigurationList;
			buildConfigurations = (
				12C809812DB84A280063F523 /* Debug */,
				12C809822DB84A280063F523 /* Release */,
			);
			defaultConfigurationIsVisible = 0;
			defaultConfigurationName = Release;
		};
		12C809832DB84A280063F523 /* Build configuration list for PBXNativeTarget "projectStoreCardForeverTests" */ = {
			isa = XCConfigurationList;
			buildConfigurations = (
				12C809842DB84A280063F523 /* Debug */,
				12C809852DB84A280063F523 /* Release */,
			);
			defaultConfigurationIsVisible = 0;
			defaultConfigurationName = Release;
		};
		12C809862DB84A280063F523 /* Build configuration list for PBXNativeTarget "projectStoreCardForeverUITests" */ = {
			isa = XCConfigurationList;
			buildConfigurations = (
				12C809872DB84A280063F523 /* Debug */,
				12C809882DB84A280063F523 /* Release */,
			);
			defaultConfigurationIsVisible = 0;
			defaultConfigurationName = Release;
		};
/* End XCConfigurationList section */
	};
	rootObject = 12C809542DB84A280063F523 /* Project object */;
}
